{
    "_readme": [
        "This file locks the dependencies of your project to a known state",
        "Read more about it at https://getcomposer.org/doc/01-basic-usage.md#composer-lock-the-lock-file",
        "This file is @generated automatically"
    ],
    "hash": "5b5b552d74bfd88c9e7d22de788b8f08",
    "content-hash": "defe898811b498955a84e5c3acf793ce",
    "packages": [
        {
            "name": "qcloud/weapp-sdk",
            "version": "v0.4.1",
            "source": {
                "type": "git",
                "url": "https://github.com/tencentyun/weapp-php-server-sdk.git",
                "reference": "e56d177164442ae389da62440ad58a973cffc768"
            },
            "dist": {
                "type": "zip",
                "url": "https://api.github.com/repos/tencentyun/weapp-php-server-sdk/zipball/e56d177164442ae389da62440ad58a973cffc768",
                "reference": "e56d177164442ae389da62440ad58a973cffc768",
                "shasum": ""
            },
            "require": {
                "php": ">=5.4.0"
            },
            "require-dev": {
                "phpunit/phpunit": "4.8.*",
                "satooshi/php-coveralls": "~1.0"
            },
            "type": "library",
            "autoload": {
                "psr-4": {
                    "QCloud_WeApp_SDK\\": "lib/"
                }
            },
            "notification-url": "https://packagist.org/downloads/",
            "license": [
                "MIT"
            ],
            "authors": [
                {
                    "name": "miusuncle",
                    "email": "miusuncle@gmail.com",
                    "homepage": "http://miusuncle.github.io/"
                }
            ],
            "description": "php sdk for qcloud weapp server",
            "homepage": "https://www.qcloud.com/",
            "keywords": [
                "qcloud",
                "sdk",
                "weapp"
            ],
            "time": "2016-11-17 13:06:03"
        }
    ],
    "packages-dev": [],
    "aliases": [],
    "minimum-stability": "stable",
    "stability-flags": [],
    "prefer-stable": false,
    "prefer-lowest": false,
    "platform": [],
    "platform-dev": []
}
